
Microsoft Visual Studio Solution File, Format Version 12.00
# Visual Studio Version 17
VisualStudioVersion = 17.6.33801.468
MinimumVisualStudioVersion = 10.0.40219.1
Project("{9A19103F-16F7-4668-BE54-9A1E7A4F7556}") = "ETicaret.Model", "ETicaret.Model\ETicaret.Model.csproj", "{5310CAB4-8C33-4C33-B590-DB3C20C49832}"
EndProject
Project("{9A19103F-16F7-4668-BE54-9A1E7A4F7556}") = "ETicaret.Repository", "ETicaret.Repository\ETicaret.Repository.csproj", "{0AE27F75-CAE8-4A58-A9CA-E178E98CAA72}"
EndProject
Project("{9A19103F-16F7-4668-BE54-9A1E7A4F7556}") = "ETicaret.Api", "ETicatet.API\ETicaret.Api.csproj", "{26AE92CE-6320-4F5C-AF2C-8233D1E91CDA}"
EndProject
Project("{FAE04EC0-301F-11D3-BF4B-00C04F79EFBC}") = "ETicaret.Web", "ETicaret.Web\ETicaret.Web.csproj", "{CDE7138F-6A9D-48B2-9B2E-16CAE9E49B1B}"
EndProject
Global
	GlobalSection(SolutionConfigurationPlatforms) = preSolution
		Debug|Any CPU = Debug|Any CPU
		Release|Any CPU = Release|Any CPU
	EndGlobalSection
	GlobalSection(ProjectConfigurationPlatforms) = postSolution
		{5310CAB4-8C33-4C33-B590-DB3C20C49832}.Debug|Any CPU.ActiveCfg = Debug|Any CPU
		{5310CAB4-8C33-4C33-B590-DB3C20C49832}.Debug|Any CPU.Build.0 = Debug|Any CPU
		{5310CAB4-8C33-4C33-B590-DB3C20C49832}.Release|Any CPU.ActiveCfg = Release|Any CPU
		{5310CAB4-8C33-4C33-B590-DB3C20C49832}.Release|Any CPU.Build.0 = Release|Any CPU
		{0AE27F75-CAE8-4A58-A9CA-E178E98CAA72}.Debug|Any CPU.ActiveCfg = Debug|Any CPU
		{0AE27F75-CAE8-4A58-A9CA-E178E98CAA72}.Debug|Any CPU.Build.0 = Debug|Any CPU
		{0AE27F75-CAE8-4A58-A9CA-E178E98CAA72}.Release|Any CPU.ActiveCfg = Release|Any CPU
		{0AE27F75-CAE8-4A58-A9CA-E178E98CAA72}.Release|Any CPU.Build.0 = Release|Any CPU
		{26AE92CE-6320-4F5C-AF2C-8233D1E91CDA}.Debug|Any CPU.ActiveCfg = Debug|Any CPU
		{26AE92CE-6320-4F5C-AF2C-8233D1E91CDA}.Debug|Any CPU.Build.0 = Debug|Any CPU
		{26AE92CE-6320-4F5C-AF2C-8233D1E91CDA}.Release|Any CPU.ActiveCfg = Release|Any CPU
		{26AE92CE-6320-4F5C-AF2C-8233D1E91CDA}.Release|Any CPU.Build.0 = Release|Any CPU
		{CDE7138F-6A9D-48B2-9B2E-16CAE9E49B1B}.Debug|Any CPU.ActiveCfg = Debug|Any CPU
		{CDE7138F-6A9D-48B2-9B2E-16CAE9E49B1B}.Debug|Any CPU.Build.0 = Debug|Any CPU
		{CDE7138F-6A9D-48B2-9B2E-16CAE9E49B1B}.Release|Any CPU.ActiveCfg = Release|Any CPU
		{CDE7138F-6A9D-48B2-9B2E-16CAE9E49B1B}.Release|Any CPU.Build.0 = Release|Any CPU
	EndGlobalSection
	GlobalSection(SolutionProperties) = preSolution
		HideSolutionNode = FALSE
	EndGlobalSection
	GlobalSection(ExtensibilityGlobals) = postSolution
		SolutionGuid = {5623D897-4F98-4572-9374-454ED63B4BDB}
	EndGlobalSection
EndGlobal
